// !$*UTF8*$!
{
	archiveVersion = 1;
	classes = {
	};
	objectVersion = 50;
	objects = {

/* Begin PBXBuildFile section */
		FFFA25F221011FCD005E886F /* AppDelegate.swift in Sources */ = {isa = PBXBuildFile; fileRef = FFFA25F121011FCD005E886F /* AppDelegate.swift */; };
		FFFA25F421011FCD005E886F /* art.scnassets in Resources */ = {isa = PBXBuildFile; fileRef = FFFA25F321011FCD005E886F /* art.scnassets */; };
		FFFA25F621011FCD005E886F /* ViewController.swift in Sources */ = {isa = PBXBuildFile; fileRef = FFFA25F521011FCD005E886F /* ViewController.swift */; };
		FFFA25F921011FCD005E886F /* Main.storyboard in Resources */ = {isa = PBXBuildFile; fileRef = FFFA25F721011FCD005E886F /* Main.storyboard */; };
		FFFA25FB21011FCE005E886F /* Assets.xcassets in Resources */ = {isa = PBXBuildFile; fileRef = FFFA25FA21011FCE005E886F /* Assets.xcassets */; };
		FFFA25FE21011FCE005E886F /* LaunchScreen.storyboard in Resources */ = {isa = PBXBuildFile; fileRef = FFFA25FC21011FCE005E886F /* LaunchScreen.storyboard */; };
		FFFA26062101307C005E886F /* minion.gif in Resources */ = {isa = PBXBuildFile; fileRef = FFFA26052101307C005E886F /* minion.gif */; };
		FFFA262821067A4B005E886F /* cloud.gif in Resources */ = {isa = PBXBuildFile; fileRef = FFFA262721067A4B005E886F /* cloud.gif */; };
		FFFA262A2106832A005E886F /* yahoo.gif in Resources */ = {isa = PBXBuildFile; fileRef = FFFA26292106832A005E886F /* yahoo.gif */; };
		FFFA262C21068A98005E886F /* long.gif in Resources */ = {isa = PBXBuildFile; fileRef = FFFA262B21068A98005E886F /* long.gif */; };
		FFFA263021069B9C005E886F /* addGIF.swift in Sources */ = {isa = PBXBuildFile; fileRef = FFFA262F21069B9C005E886F /* addGIF.swift */; };
/* End PBXBuildFile section */

/* Begin PBXFileReference section */
		FFFA25EE21011FCD005E886F /* GifInSceneKit.app */ = {isa = PBXFileReference; explicitFileType = wrapper.application; includeInIndex = 0; path = GifInSceneKit.app; sourceTree = BUILT_PRODUCTS_DIR; };
		FFFA25F121011FCD005E886F /* AppDelegate.swift */ = {isa = PBXFileReference; lastKnownFileType = sourcecode.swift; path = AppDelegate.swift; sourceTree = "<group>"; };
		FFFA25F321011FCD005E886F /* art.scnassets */ = {isa = PBXFileReference; lastKnownFileType = wrapper.scnassets; path = art.scnassets; sourceTree = "<group>"; };
		FFFA25F521011FCD005E886F /* ViewController.swift */ = {isa = PBXFileReference; lastKnownFileType = sourcecode.swift; path = ViewController.swift; sourceTree = "<group>"; };
		FFFA25F821011FCD005E886F /* Base */ = {isa = PBXFileReference; lastKnownFileType = file.storyboard; name = Base; path = Base.lproj/Main.storyboard; sourceTree = "<group>"; };
		FFFA25FA21011FCE005E886F /* Assets.xcassets */ = {isa = PBXFileReference; lastKnownFileType = folder.assetcatalog; path = Assets.xcassets; sourceTree = "<group>"; };
		FFFA25FD21011FCE005E886F /* Base */ = {isa = PBXFileReference; lastKnownFileType = file.storyboard; name = Base; path = Base.lproj/LaunchScreen.storyboard; sourceTree = "<group>"; };
		FFFA25FF21011FCE005E886F /* Info.plist */ = {isa = PBXFileReference; lastKnownFileType = text.plist.xml; path = Info.plist; sourceTree = "<group>"; };
		FFFA26052101307C005E886F /* minion.gif */ = {isa = PBXFileReference; lastKnownFileType = image.gif; path = minion.gif; sourceTree = "<group>"; };
		FFFA262721067A4B005E886F /* cloud.gif */ = {isa = PBXFileReference; lastKnownFileType = image.gif; path = cloud.gif; sourceTree = "<group>"; };
		FFFA26292106832A005E886F /* yahoo.gif */ = {isa = PBXFileReference; lastKnownFileType = image.gif; path = yahoo.gif; sourceTree = "<group>"; };
		FFFA262B21068A98005E886F /* long.gif */ = {isa = PBXFileReference; lastKnownFileType = image.gif; path = long.gif; sourceTree = "<group>"; };
		FFFA262F21069B9C005E886F /* addGIF.swift */ = {isa = PBXFileReference; lastKnownFileType = sourcecode.swift; path = addGIF.swift; sourceTree = "<group>"; };
/* End PBXFileReference section */

/* Begin PBXFrameworksBuildPhase section */
		FFFA25EB21011FCD005E886F /* Frameworks */ = {
			isa = PBXFrameworksBuildPhase;
			buildActionMask = 2147483647;
			files = (
			);
			runOnlyForDeploymentPostprocessing = 0;
		};
/* End PBXFrameworksBuildPhase section */

/* Begin PBXGroup section */
		FFFA25E521011FCD005E886F = {
			isa = PBXGroup;
			children = (
				FFFA262B21068A98005E886F /* long.gif */,
				FFFA26292106832A005E886F /* yahoo.gif */,
				FFFA262721067A4B005E886F /* cloud.gif */,
				FFFA26052101307C005E886F /* minion.gif */,
				FFFA25F021011FCD005E886F /* GifInSceneKit */,
				FFFA25EF21011FCD005E886F /* Products */,
			);
			sourceTree = "<group>";
		};
		FFFA25EF21011FCD005E886F /* Products */ = {
			isa = PBXGroup;
			children = (
				FFFA25EE21011FCD005E886F /* GifInSceneKit.app */,
			);
			name = Products;
			sourceTree = "<group>";
		};
		FFFA25F021011FCD005E886F /* GifInSceneKit */ = {
			isa = PBXGroup;
			children = (
				FFFA262F21069B9C005E886F /* addGIF.swift */,
				FFFA25F121011FCD005E886F /* AppDelegate.swift */,
				FFFA25F321011FCD005E886F /* art.scnassets */,
				FFFA25F521011FCD005E886F /* ViewController.swift */,
				FFFA25F721011FCD005E886F /* Main.storyboard */,
				FFFA25FA21011FCE005E886F /* Assets.xcassets */,
				FFFA25FC21011FCE005E886F /* LaunchScreen.storyboard */,
				FFFA25FF21011FCE005E886F /* Info.plist */,
			);
			path = GifInSceneKit;
			sourceTree = "<group>";
		};
/* End PBXGroup section */

/* Begin PBXNativeTarget section */
		FFFA25ED21011FCD005E886F /* GifInSceneKit */ = {
			isa = PBXNativeTarget;
			buildConfigurationList = FFFA260221011FCE005E886F /* Build configuration list for PBXNativeTarget "GifInSceneKit" */;
			buildPhases = (
				FFFA25EA21011FCD005E886F /* Sources */,
				FFFA25EB21011FCD005E886F /* Frameworks */,
				FFFA25EC21011FCD005E886F /* Resources */,
			);
			buildRules = (
			);
			dependencies = (
			);
			name = GifInSceneKit;
			productName = GifInSceneKit;
			productReference = FFFA25EE21011FCD005E886F /* GifInSceneKit.app */;
			productType = "com.apple.product-type.application";
		};
/* End PBXNativeTarget section */

/* Begin PBXProject section */
		FFFA25E621011FCD005E886F /* Project object */ = {
			isa = PBXProject;
			attributes = {
				LastSwiftUpdateCheck = 0940;
				LastUpgradeCheck = 0940;
				ORGANIZATIONNAME = "최솔비";
				TargetAttributes = {
					FFFA25ED21011FCD005E886F = {
						CreatedOnToolsVersion = 9.4.1;
					};
				};
			};
			buildConfigurationList = FFFA25E921011FCD005E886F /* Build configuration list for PBXProject "GifInSceneKit" */;
			compatibilityVersion = "Xcode 9.3";
			developmentRegion = en;
			hasScannedForEncodings = 0;
			knownRegions = (
				en,
				Base,
			);
			mainGroup = FFFA25E521011FCD005E886F;
			productRefGroup = FFFA25EF21011FCD005E886F /* Products */;
			projectDirPath = "";
			projectRoot = "";
			targets = (
				FFFA25ED21011FCD005E886F /* GifInSceneKit */,
			);
		};
/* End PBXProject section */

/* Begin PBXResourcesBuildPhase section */
		FFFA25EC21011FCD005E886F /* Resources */ = {
			isa = PBXResourcesBuildPhase;
			buildActionMask = 2147483647;
			files = (
				FFFA262C21068A98005E886F /* long.gif in Resources */,
				FFFA262A2106832A005E886F /* yahoo.gif in Resources */,
				FFFA262821067A4B005E886F /* cloud.gif in Resources */,
				FFFA26062101307C005E886F /* minion.gif in Resources */,
				FFFA25F421011FCD005E886F /* art.scnassets in Resources */,
				FFFA25FE21011FCE005E886F /* LaunchScreen.storyboard in Resources */,
				FFFA25FB21011FCE005E886F /* Assets.xcassets in Resources */,
				FFFA25F921011FCD005E886F /* Main.storyboard in Resources */,
			);
			runOnlyForDeploymentPostprocessing = 0;
		};
/* End PBXResourcesBuildPhase section */

/* Begin PBXSourcesBuildPhase section */
		FFFA25EA21011FCD005E886F /* Sources */ = {
			isa = PBXSourcesBuildPhase;
			buildActionMask = 2147483647;
			files = (
				FFFA25F621011FCD005E886F /* ViewController.swift in Sources */,
				FFFA263021069B9C005E886F /* addGIF.swift in Sources */,
				FFFA25F221011FCD005E886F /* AppDelegate.swift in Sources */,
			);
			runOnlyForDeploymentPostprocessing = 0;
		};
/* End PBXSourcesBuildPhase section */

/* Begin PBXVariantGroup section */
		FFFA25F721011FCD005E886F /* Main.storyboard */ = {
			isa = PBXVariantGroup;
			children = (
				FFFA25F821011FCD005E886F /* Base */,
			);
			name = Main.storyboard;
			sourceTree = "<group>";
		};
		FFFA25FC21011FCE005E886F /* LaunchScreen.storyboard */ = {
			isa = PBXVariantGroup;
			children = (
				FFFA25FD21011FCE005E886F /* Base */,
			);
			name = LaunchScreen.storyboard;
			sourceTree = "<group>";
		};
/* End PBXVariantGroup section */

/* Begin XCBuildConfiguration section */
		FFFA260021011FCE005E886F /* Debug */ = {
			isa = XCBuildConfiguration;
			buildSettings = {
				ALWAYS_SEARCH_USER_PATHS = NO;
				CLANG_ANALYZER_NONNULL = YES;
				CLANG_ANALYZER_NUMBER_OBJECT_CONVERSION = YES_AGGRESSIVE;
				CLANG_CXX_LANGUAGE_STANDARD = "gnu++14";
				CLANG_CXX_LIBRARY = "libc++";
				CLANG_ENABLE_MODULES = YES;
				CLANG_ENABLE_OBJC_ARC = YES;
				CLANG_ENABLE_OBJC_WEAK = YES;
				CLANG_WARN_BLOCK_CAPTURE_AUTORELEASING = YES;
				CLANG_WARN_BOOL_CONVERSION = YES;
				CLANG_WARN_COMMA = YES;
				CLANG_WARN_CONSTANT_CONVERSION = YES;
				CLANG_WARN_DEPRECATED_OBJC_IMPLEMENTATIONS = YES;
				CLANG_WARN_DIRECT_OBJC_ISA_USAGE = YES_ERROR;
				CLANG_WARN_DOCUMENTATION_COMMENTS = YES;
				CLANG_WARN_EMPTY_BODY = YES;
				CLANG_WARN_ENUM_CONVERSION = YES;
				CLANG_WARN_INFINITE_RECURSION = YES;
				CLANG_WARN_INT_CONVERSION = YES;
				CLANG_WARN_NON_LITERAL_NULL_CONVERSION = YES;
				CLANG_WARN_OBJC_IMPLICIT_RETAIN_SELF = YES;
				CLANG_WARN_OBJC_LITERAL_CONVERSION = YES;
				CLANG_WARN_OBJC_ROOT_CLASS = YES_ERROR;
				CLANG_WARN_RANGE_LOOP_ANALYSIS = YES;
				CLANG_WARN_STRICT_PROTOTYPES = YES;
				CLANG_WARN_SUSPICIOUS_MOVE = YES;
				CLANG_WARN_UNGUARDED_AVAILABILITY = YES_AGGRESSIVE;
				CLANG_WARN_UNREACHABLE_CODE = YES;
				CLANG_WARN__DUPLICATE_METHOD_MATCH = YES;
				CODE_SIGN_IDENTITY = "iPhone Developer";
				COPY_PHASE_STRIP = NO;
				DEBUG_INFORMATION_FORMAT = dwarf;
				ENABLE_STRICT_OBJC_MSGSEND = YES;
				ENABLE_TESTABILITY = YES;
				GCC_C_LANGUAGE_STANDARD = gnu11;
				GCC_DYNAMIC_NO_PIC = NO;
				GCC_NO_COMMON_BLOCKS = YES;
				GCC_OPTIMIZATION_LEVEL = 0;
				GCC_PREPROCESSOR_DEFINITIONS = (
					"DEBUG=1",
					"$(inherited)",
				);
				GCC_WARN_64_TO_32_BIT_CONVERSION = YES;
				GCC_WARN_ABOUT_RETURN_TYPE = YES_ERROR;
				GCC_WARN_UNDECLARED_SELECTOR = YES;
				GCC_WARN_UNINITIALIZED_AUTOS = YES_AGGRESSIVE;
				GCC_WARN_UNUSED_FUNCTION = YES;
				GCC_WARN_UNUSED_VARIABLE = YES;
				IPHONEOS_DEPLOYMENT_TARGET = 11.4;
				MTL_ENABLE_DEBUG_INFO = YES;
				ONLY_ACTIVE_ARCH = YES;
				SDKROOT = iphoneos;
				SWIFT_ACTIVE_COMPILATION_CONDITIONS = DEBUG;
				SWIFT_OPTIMIZATION_LEVEL = "-Onone";
			};
			name = Debug;
		};
		FFFA260121011FCE005E886F /* Release */ = {
			isa = XCBuildConfiguration;
			buildSettings = {
				ALWAYS_SEARCH_USER_PATHS = NO;
				CLANG_ANALYZER_NONNULL = YES;
				CLANG_ANALYZER_NUMBER_OBJECT_CONVERSION = YES_AGGRESSIVE;
				CLANG_CXX_LANGUAGE_STANDARD = "gnu++14";
				CLANG_CXX_LIBRARY = "libc++";
				CLANG_ENABLE_MODULES = YES;
				CLANG_ENABLE_OBJC_ARC = YES;
				CLANG_ENABLE_OBJC_WEAK = YES;
				CLANG_WARN_BLOCK_CAPTURE_AUTORELEASING = YES;
				CLANG_WARN_BOOL_CONVERSION = YES;
				CLANG_WARN_COMMA = YES;
				CLANG_WARN_CONSTANT_CONVERSION = YES;
				CLANG_WARN_DEPRECATED_OBJC_IMPLEMENTATIONS = YES;
				CLANG_WARN_DIRECT_OBJC_ISA_USAGE = YES_ERROR;
				CLANG_WARN_DOCUMENTATION_COMMENTS = YES;
				CLANG_WARN_EMPTY_BODY = YES;
				CLANG_WARN_ENUM_CONVERSION = YES;
				CLANG_WARN_INFINITE_RECURSION = YES;
				CLANG_WARN_INT_CONVERSION = YES;
				CLANG_WARN_NON_LITERAL_NULL_CONVERSION = YES;
				CLANG_WARN_OBJC_IMPLICIT_RETAIN_SELF = YES;
				CLANG_WARN_OBJC_LITERAL_CONVERSION = YES;
				CLANG_WARN_OBJC_ROOT_CLASS = YES_ERROR;
				CLANG_WARN_RANGE_LOOP_ANALYSIS = YES;
				CLANG_WARN_STRICT_PROTOTYPES = YES;
				CLANG_WARN_SUSPICIOUS_MOVE = YES;
				CLANG_WARN_UNGUARDED_AVAILABILITY = YES_AGGRESSIVE;
				CLANG_WARN_UNREACHABLE_CODE = YES;
				CLANG_WARN__DUPLICATE_METHOD_MATCH = YES;
				CODE_SIGN_IDENTITY = "iPhone Developer";
				COPY_PHASE_STRIP = NO;
				DEBUG_INFORMATION_FORMAT = "dwarf-with-dsym";
				ENABLE_NS_ASSERTIONS = NO;
				ENABLE_STRICT_OBJC_MSGSEND = YES;
				GCC_C_LANGUAGE_STANDARD = gnu11;
				GCC_NO_COMMON_BLOCKS = YES;
				GCC_WARN_64_TO_32_BIT_CONVERSION = YES;
				GCC_WARN_ABOUT_RETURN_TYPE = YES_ERROR;
				GCC_WARN_UNDECLARED_SELECTOR = YES;
				GCC_WARN_UNINITIALIZED_AUTOS = YES_AGGRESSIVE;
				GCC_WARN_UNUSED_FUNCTION = YES;
				GCC_WARN_UNUSED_VARIABLE = YES;
				IPHONEOS_DEPLOYMENT_TARGET = 11.4;
				MTL_ENABLE_DEBUG_INFO = NO;
				SDKROOT = iphoneos;
				SWIFT_COMPILATION_MODE = wholemodule;
				SWIFT_OPTIMIZATION_LEVEL = "-O";
				VALIDATE_PRODUCT = YES;
			};
			name = Release;
		};
		FFFA260321011FCE005E886F /* Debug */ = {
			isa = XCBuildConfiguration;
			buildSettings = {
				ASSETCATALOG_COMPILER_APPICON_NAME = AppIcon;
				CODE_SIGN_STYLE = Automatic;
				DEVELOPMENT_TEAM = MAAZZ493SB;
				INFOPLIST_FILE = GifInSceneKit/Info.plist;
				LD_RUNPATH_SEARCH_PATHS = (
					"$(inherited)",
					"@executable_path/Frameworks",
				);
				PRODUCT_BUNDLE_IDENTIFIER = gg.GifInSceneKit;
				PRODUCT_NAME = "$(TARGET_NAME)";
				SWIFT_VERSION = 4.0;
				TARGETED_DEVICE_FAMILY = "1,2";
			};
			name = Debug;
		};
		FFFA260421011FCE005E886F /* Release */ = {
			isa = XCBuildConfiguration;
			buildSettings = {
				ASSETCATALOG_COMPILER_APPICON_NAME = AppIcon;
				CODE_SIGN_STYLE = Automatic;
				DEVELOPMENT_TEAM = MAAZZ493SB;
				INFOPLIST_FILE = GifInSceneKit/Info.plist;
				LD_RUNPATH_SEARCH_PATHS = (
					"$(inherited)",
					"@executable_path/Frameworks",
				);
				PRODUCT_BUNDLE_IDENTIFIER = gg.GifInSceneKit;
				PRODUCT_NAME = "$(TARGET_NAME)";
				SWIFT_VERSION = 4.0;
				TARGETED_DEVICE_FAMILY = "1,2";
			};
			name = Release;
		};
/* End XCBuildConfiguration section */

/* Begin XCConfigurationList section */
		FFFA25E921011FCD005E886F /* Build configuration list for PBXProject "GifInSceneKit" */ = {
			isa = XCConfigurationList;
			buildConfigurations = (
				FFFA260021011FCE005E886F /* Debug */,
				FFFA260121011FCE005E886F /* Release */,
			);
			defaultConfigurationIsVisible = 0;
			defaultConfigurationName = Release;
		};
		FFFA260221011FCE005E886F /* Build configuration list for PBXNativeTarget "GifInSceneKit" */ = {
			isa = XCConfigurationList;
			buildConfigurations = (
				FFFA260321011FCE005E886F /* Debug */,
				FFFA260421011FCE005E886F /* Release */,
			);
			defaultConfigurationIsVisible = 0;
			defaultConfigurationName = Release;
		};
/* End XCConfigurationList section */
	};
	rootObject = FFFA25E621011FCD005E886F /* Project object */;
}
